Microsoft Visual Studio Solution File, Format Version 11.00
# Visual Studio 2008

Project("{FD3DCDB2-A89A-FB97-E7AE-A1AA7258B667}") = "Visibility test_2", "Assembly-CSharp-firstpass.csproj", "{B705A0C0-9377-1577-82D4-9A83F2F5EB7D}"
EndProject
Project("{FD3DCDB2-A89A-FB97-E7AE-A1AA7258B667}") = "Visibility test_2", "Assembly-CSharp.csproj", "{8B5F5ECB-4BF2-C26E-394F-4D812935AF5D}"
EndProject
Project("{FD3DCDB2-A89A-FB97-E7AE-A1AA7258B667}") = "Visibility test_2", "Assembly-CSharp-Editor.csproj", "{8E5D5F15-1198-E31F-1A3E-B74F5B0DE455}"
EndProject
Global
	GlobalSection(SolutionConfigurationPlatforms) = preSolution
		Debug|Any CPU = Debug|Any CPU
		Release|Any CPU = Release|Any CPU
	EndGlobalSection
	GlobalSection(ProjectConfigurationPlatforms) = postSolution
		{B705A0C0-9377-1577-82D4-9A83F2F5EB7D}.Debug|Any CPU.ActiveCfg = Debug|Any CPU
		{B705A0C0-9377-1577-82D4-9A83F2F5EB7D}.Debug|Any CPU.Build.0 = Debug|Any CPU
		{B705A0C0-9377-1577-82D4-9A83F2F5EB7D}.Release|Any CPU.ActiveCfg = Release|Any CPU
		{B705A0C0-9377-1577-82D4-9A83F2F5EB7D}.Release|Any CPU.Build.0 = Release|Any CPU
		{8B5F5ECB-4BF2-C26E-394F-4D812935AF5D}.Debug|Any CPU.ActiveCfg = Debug|Any CPU
		{8B5F5ECB-4BF2-C26E-394F-4D812935AF5D}.Debug|Any CPU.Build.0 = Debug|Any CPU
		{8B5F5ECB-4BF2-C26E-394F-4D812935AF5D}.Release|Any CPU.ActiveCfg = Release|Any CPU
		{8B5F5ECB-4BF2-C26E-394F-4D812935AF5D}.Release|Any CPU.Build.0 = Release|Any CPU
		{8E5D5F15-1198-E31F-1A3E-B74F5B0DE455}.Debug|Any CPU.ActiveCfg = Debug|Any CPU
		{8E5D5F15-1198-E31F-1A3E-B74F5B0DE455}.Debug|Any CPU.Build.0 = Debug|Any CPU
		{8E5D5F15-1198-E31F-1A3E-B74F5B0DE455}.Release|Any CPU.ActiveCfg = Release|Any CPU
		{8E5D5F15-1198-E31F-1A3E-B74F5B0DE455}.Release|Any CPU.Build.0 = Release|Any CPU
	EndGlobalSection
	GlobalSection(SolutionProperties) = preSolution
		HideSolutionNode = FALSE
	EndGlobalSection
	GlobalSection(MonoDevelopProperties) = preSolution
		StartupItem = Assembly-CSharp.csproj
	EndGlobalSection
EndGlobal
