Microsoft Visual Studio Solution File, Format Version 11.00
# Visual Studio 2008

Project("{9A75F6B0-E2E3-926C-7067-0A8700232F03}") = "Visibility test", "Assembly-CSharp.csproj", "{C332C3A1-CC0A-140A-4D97-D726283599C7}"
EndProject
Global
	GlobalSection(SolutionConfigurationPlatforms) = preSolution
		Debug|Any CPU = Debug|Any CPU
		Release|Any CPU = Release|Any CPU
	EndGlobalSection
	GlobalSection(ProjectConfigurationPlatforms) = postSolution
		{C332C3A1-CC0A-140A-4D97-D726283599C7}.Debug|Any CPU.ActiveCfg = Debug|Any CPU
		{C332C3A1-CC0A-140A-4D97-D726283599C7}.Debug|Any CPU.Build.0 = Debug|Any CPU
		{C332C3A1-CC0A-140A-4D97-D726283599C7}.Release|Any CPU.ActiveCfg = Release|Any CPU
		{C332C3A1-CC0A-140A-4D97-D726283599C7}.Release|Any CPU.Build.0 = Release|Any CPU
	EndGlobalSection
	GlobalSection(SolutionProperties) = preSolution
		HideSolutionNode = FALSE
	EndGlobalSection
	GlobalSection(MonoDevelopProperties) = preSolution
		StartupItem = Assembly-CSharp.csproj
	EndGlobalSection
EndGlobal
